
Microsoft Visual Studio Solution File, Format Version 12.00
# Visual Studio Version 16
VisualStudioVersion = 16.0.29709.97
MinimumVisualStudioVersion = 10.0.40219.1
Project("{FAE04EC0-301F-11D3-BF4B-00C04F79EFBC}") = "Sistema de votacion", "Sistema de votacion.csproj", "{9DFA902F-04F6-462D-A211-C7A3D7BA0382}"
EndProject
Global
	GlobalSection(SolutionConfigurationPlatforms) = preSolution
		Debug|Any CPU = Debug|Any CPU
		Release|Any CPU = Release|Any CPU
	EndGlobalSection
	GlobalSection(ProjectConfigurationPlatforms) = postSolution
		{9DFA902F-04F6-462D-A211-C7A3D7BA0382}.Debug|Any CPU.ActiveCfg = Debug|Any CPU
		{9DFA902F-04F6-462D-A211-C7A3D7BA0382}.Debug|Any CPU.Build.0 = Debug|Any CPU
		{9DFA902F-04F6-462D-A211-C7A3D7BA0382}.Release|Any CPU.ActiveCfg = Release|Any CPU
		{9DFA902F-04F6-462D-A211-C7A3D7BA0382}.Release|Any CPU.Build.0 = Release|Any CPU
	EndGlobalSection
	GlobalSection(SolutionProperties) = preSolution
		HideSolutionNode = FALSE
	EndGlobalSection
	GlobalSection(ExtensibilityGlobals) = postSolution
		SolutionGuid = {CF492552-D084-4E99-8FAB-F3C59D4B7A2E}
	EndGlobalSection
EndGlobal
